Microsoft Visual Studio Solution File, Format Version 12.00
# Visual Studio Version 17
VisualStudioVersion = 17.5.2.0
MinimumVisualStudioVersion = 10.0.40219.1
Project("{FAE04EC0-301F-11D3-BF4B-00C04F79EFBC}") = "LeetCodeConsole", "LeetCodeConsole\LeetCodeConsole.csproj", "{AE1F232E-42F6-E22D-0978-58EDF574E386}"
EndProject
Global
	GlobalSection(SolutionConfigurationPlatforms) = preSolution
		Debug|Any CPU = Debug|Any CPU
		Release|Any CPU = Release|Any CPU
	EndGlobalSection
	GlobalSection(ProjectConfigurationPlatforms) = postSolution
		{AE1F232E-42F6-E22D-0978-58EDF574E386}.Debug|Any CPU.ActiveCfg = Debug|Any CPU
		{AE1F232E-42F6-E22D-0978-58EDF574E386}.Debug|Any CPU.Build.0 = Debug|Any CPU
		{AE1F232E-42F6-E22D-0978-58EDF574E386}.Release|Any CPU.ActiveCfg = Release|Any CPU
		{AE1F232E-42F6-E22D-0978-58EDF574E386}.Release|Any CPU.Build.0 = Release|Any CPU
	EndGlobalSection
	GlobalSection(SolutionProperties) = preSolution
		HideSolutionNode = FALSE
	EndGlobalSection
	GlobalSection(ExtensibilityGlobals) = postSolution
		SolutionGuid = {FA2A91DB-DBD9-414B-BB7C-C90AEFA58007}
	EndGlobalSection
EndGlobal
